
Microsoft Visual Studio Solution File, Format Version 12.00
# Visual Studio Version 16
VisualStudioVersion = 16.0.31205.134
MinimumVisualStudioVersion = 10.0.40219.1
Project("{FAE04EC0-301F-11D3-BF4B-00C04F79EFBC}") = "GamerGateway.WebMVC", "GamerGateway\GamerGateway.WebMVC.csproj", "{C63EDAA0-1C21-4EF1-B7B1-5216F4C003E2}"
EndProject
Project("{FAE04EC0-301F-11D3-BF4B-00C04F79EFBC}") = "GamerGateway.Models", "GamerGateway.Models\GamerGateway.Models.csproj", "{CE6FCFA6-0595-48F4-ADFA-5E9D1BB573D9}"
EndProject
Project("{FAE04EC0-301F-11D3-BF4B-00C04F79EFBC}") = "GamerGateway.Data", "GamerGateway.Data\GamerGateway.Data.csproj", "{F7B20326-9BC9-4B9D-8F50-E4059793B175}"
EndProject
Project("{FAE04EC0-301F-11D3-BF4B-00C04F79EFBC}") = "GamerGateway.Services", "GamerGateway.Services\GamerGateway.Services.csproj", "{B5E39ADA-8A73-4D5F-8C84-9DCE572F4F26}"
EndProject
Global
	GlobalSection(SolutionConfigurationPlatforms) = preSolution
		Debug|Any CPU = Debug|Any CPU
		Release|Any CPU = Release|Any CPU
	EndGlobalSection
	GlobalSection(ProjectConfigurationPlatforms) = postSolution
		{C63EDAA0-1C21-4EF1-B7B1-5216F4C003E2}.Debug|Any CPU.ActiveCfg = Debug|Any CPU
		{C63EDAA0-1C21-4EF1-B7B1-5216F4C003E2}.Debug|Any CPU.Build.0 = Debug|Any CPU
		{C63EDAA0-1C21-4EF1-B7B1-5216F4C003E2}.Release|Any CPU.ActiveCfg = Release|Any CPU
		{C63EDAA0-1C21-4EF1-B7B1-5216F4C003E2}.Release|Any CPU.Build.0 = Release|Any CPU
		{CE6FCFA6-0595-48F4-ADFA-5E9D1BB573D9}.Debug|Any CPU.ActiveCfg = Debug|Any CPU
		{CE6FCFA6-0595-48F4-ADFA-5E9D1BB573D9}.Debug|Any CPU.Build.0 = Debug|Any CPU
		{CE6FCFA6-0595-48F4-ADFA-5E9D1BB573D9}.Release|Any CPU.ActiveCfg = Release|Any CPU
		{CE6FCFA6-0595-48F4-ADFA-5E9D1BB573D9}.Release|Any CPU.Build.0 = Release|Any CPU
		{F7B20326-9BC9-4B9D-8F50-E4059793B175}.Debug|Any CPU.ActiveCfg = Debug|Any CPU
		{F7B20326-9BC9-4B9D-8F50-E4059793B175}.Debug|Any CPU.Build.0 = Debug|Any CPU
		{F7B20326-9BC9-4B9D-8F50-E4059793B175}.Release|Any CPU.ActiveCfg = Release|Any CPU
		{F7B20326-9BC9-4B9D-8F50-E4059793B175}.Release|Any CPU.Build.0 = Release|Any CPU
		{B5E39ADA-8A73-4D5F-8C84-9DCE572F4F26}.Debug|Any CPU.ActiveCfg = Debug|Any CPU
		{B5E39ADA-8A73-4D5F-8C84-9DCE572F4F26}.Debug|Any CPU.Build.0 = Debug|Any CPU
		{B5E39ADA-8A73-4D5F-8C84-9DCE572F4F26}.Release|Any CPU.ActiveCfg = Release|Any CPU
		{B5E39ADA-8A73-4D5F-8C84-9DCE572F4F26}.Release|Any CPU.Build.0 = Release|Any CPU
	EndGlobalSection
	GlobalSection(SolutionProperties) = preSolution
		HideSolutionNode = FALSE
	EndGlobalSection
	GlobalSection(ExtensibilityGlobals) = postSolution
		SolutionGuid = {D0DD28A4-B418-4ECC-8B20-37071DE8C77D}
	EndGlobalSection
EndGlobal
